
Microsoft Visual Studio Solution File, Format Version 12.00
# Visual Studio Version 17
VisualStudioVersion = 17.0.31903.59
MinimumVisualStudioVersion = 10.0.40219.1
Project("{FAE04EC0-301F-11D3-BF4B-00C04F79EFBC}") = "PMISK", "PMISK\PMISK.csproj", "{F4D45A7A-ADBF-415C-A04D-1065A6AE2F32}"
EndProject
Project("{FAE04EC0-301F-11D3-BF4B-00C04F79EFBC}") = "PMISK.Tests", "PMISK.Tests\PMISK.Tests.csproj", "{E7C44D51-EAEB-4E70-8F2E-5EAA184B6D35}"
EndProject
Global
	GlobalSection(SolutionConfigurationPlatforms) = preSolution
		Debug|Any CPU = Debug|Any CPU
		Release|Any CPU = Release|Any CPU
	EndGlobalSection
	GlobalSection(SolutionProperties) = preSolution
		HideSolutionNode = FALSE
	EndGlobalSection
	GlobalSection(ProjectConfigurationPlatforms) = postSolution
		{F4D45A7A-ADBF-415C-A04D-1065A6AE2F32}.Debug|Any CPU.ActiveCfg = Debug|Any CPU
		{F4D45A7A-ADBF-415C-A04D-1065A6AE2F32}.Debug|Any CPU.Build.0 = Debug|Any CPU
		{F4D45A7A-ADBF-415C-A04D-1065A6AE2F32}.Release|Any CPU.ActiveCfg = Release|Any CPU
		{F4D45A7A-ADBF-415C-A04D-1065A6AE2F32}.Release|Any CPU.Build.0 = Release|Any CPU
		{E7C44D51-EAEB-4E70-8F2E-5EAA184B6D35}.Debug|Any CPU.ActiveCfg = Debug|Any CPU
		{E7C44D51-EAEB-4E70-8F2E-5EAA184B6D35}.Debug|Any CPU.Build.0 = Debug|Any CPU
		{E7C44D51-EAEB-4E70-8F2E-5EAA184B6D35}.Release|Any CPU.ActiveCfg = Release|Any CPU
		{E7C44D51-EAEB-4E70-8F2E-5EAA184B6D35}.Release|Any CPU.Build.0 = Release|Any CPU
	EndGlobalSection
EndGlobal
